// !$*UTF8*$!
{
	archiveVersion = 1;
	classes = {
	};
	objectVersion = 46;
	objects = {

/* Begin PBXBuildFile section */
		B40D109D1E373ADC00AC9204 /* Parsec.framework in Frameworks */ = {isa = PBXBuildFile; fileRef = B40D10931E373ADC00AC9204 /* Parsec.framework */; };
		B40D10A21E373ADC00AC9204 /* ParsecTests.swift in Sources */ = {isa = PBXBuildFile; fileRef = B40D10A11E373ADC00AC9204 /* ParsecTests.swift */; };
		B40D10A41E373ADC00AC9204 /* Parsec.h in Headers */ = {isa = PBXBuildFile; fileRef = B40D10961E373ADC00AC9204 /* Parsec.h */; settings = {ATTRIBUTES = (Public, ); }; };
/* End PBXBuildFile section */

/* Begin PBXContainerItemProxy section */
		B40D109E1E373ADC00AC9204 /* PBXContainerItemProxy */ = {
			isa = PBXContainerItemProxy;
			containerPortal = B40D108A1E373ADC00AC9204 /* Project object */;
			proxyType = 1;
			remoteGlobalIDString = B40D10921E373ADC00AC9204;
			remoteInfo = Parsec;
		};
/* End PBXContainerItemProxy section */

/* Begin PBXFileReference section */
		B40D10931E373ADC00AC9204 /* Parsec.framework */ = {isa = PBXFileReference; explicitFileType = wrapper.framework; includeInIndex = 0; path = Parsec.framework; sourceTree = BUILT_PRODUCTS_DIR; };
		B40D10961E373ADC00AC9204 /* Parsec.h */ = {isa = PBXFileReference; lastKnownFileType = sourcecode.c.h; path = Parsec.h; sourceTree = "<group>"; };
		B40D10971E373ADC00AC9204 /* Info.plist */ = {isa = PBXFileReference; lastKnownFileType = text.plist.xml; path = Info.plist; sourceTree = "<group>"; };
		B40D109C1E373ADC00AC9204 /* ParsecTests.xctest */ = {isa = PBXFileReference; explicitFileType = wrapper.cfbundle; includeInIndex = 0; path = ParsecTests.xctest; sourceTree = BUILT_PRODUCTS_DIR; };
		B40D10A11E373ADC00AC9204 /* ParsecTests.swift */ = {isa = PBXFileReference; lastKnownFileType = sourcecode.swift; path = ParsecTests.swift; sourceTree = "<group>"; };
		B40D10A31E373ADC00AC9204 /* Info.plist */ = {isa = PBXFileReference; lastKnownFileType = text.plist.xml; path = Info.plist; sourceTree = "<group>"; };
/* End PBXFileReference section */

/* Begin PBXFrameworksBuildPhase section */
		B40D108F1E373ADC00AC9204 /* Frameworks */ = {
			isa = PBXFrameworksBuildPhase;
			buildActionMask = 2147483647;
			files = (
			);
			runOnlyForDeploymentPostprocessing = 0;
		};
		B40D10991E373ADC00AC9204 /* Frameworks */ = {
			isa = PBXFrameworksBuildPhase;
			buildActionMask = 2147483647;
			files = (
				B40D109D1E373ADC00AC9204 /* Parsec.framework in Frameworks */,
			);
			runOnlyForDeploymentPostprocessing = 0;
		};
/* End PBXFrameworksBuildPhase section */

/* Begin PBXGroup section */
		B40D10891E373ADC00AC9204 = {
			isa = PBXGroup;
			children = (
				B40D10951E373ADC00AC9204 /* Parsec */,
				B40D10A01E373ADC00AC9204 /* ParsecTests */,
				B40D10941E373ADC00AC9204 /* Products */,
			);
			sourceTree = "<group>";
		};
		B40D10941E373ADC00AC9204 /* Products */ = {
			isa = PBXGroup;
			children = (
				B40D10931E373ADC00AC9204 /* Parsec.framework */,
				B40D109C1E373ADC00AC9204 /* ParsecTests.xctest */,
			);
			name = Products;
			sourceTree = "<group>";
		};
		B40D10951E373ADC00AC9204 /* Parsec */ = {
			isa = PBXGroup;
			children = (
				B40D10961E373ADC00AC9204 /* Parsec.h */,
				B40D10971E373ADC00AC9204 /* Info.plist */,
			);
			path = Parsec;
			sourceTree = "<group>";
		};
		B40D10A01E373ADC00AC9204 /* ParsecTests */ = {
			isa = PBXGroup;
			children = (
				B40D10A11E373ADC00AC9204 /* ParsecTests.swift */,
				B40D10A31E373ADC00AC9204 /* Info.plist */,
			);
			path = ParsecTests;
			sourceTree = "<group>";
		};
/* End PBXGroup section */

/* Begin PBXHeadersBuildPhase section */
		B40D10901E373ADC00AC9204 /* Headers */ = {
			isa = PBXHeadersBuildPhase;
			buildActionMask = 2147483647;
			files = (
				B40D10A41E373ADC00AC9204 /* Parsec.h in Headers */,
			);
			runOnlyForDeploymentPostprocessing = 0;
		};
/* End PBXHeadersBuildPhase section */

/* Begin PBXNativeTarget section */
		B40D10921E373ADC00AC9204 /* Parsec */ = {
			isa = PBXNativeTarget;
			buildConfigurationList = B40D10A71E373ADC00AC9204 /* Build configuration list for PBXNativeTarget "Parsec" */;
			buildPhases = (
				B40D108E1E373ADC00AC9204 /* Sources */,
				B40D108F1E373ADC00AC9204 /* Frameworks */,
				B40D10901E373ADC00AC9204 /* Headers */,
				B40D10911E373ADC00AC9204 /* Resources */,
			);
			buildRules = (
			);
			dependencies = (
			);
			name = Parsec;
			productName = Parsec;
			productReference = B40D10931E373ADC00AC9204 /* Parsec.framework */;
			productType = "com.apple.product-type.framework";
		};
		B40D109B1E373ADC00AC9204 /* ParsecTests */ = {
			isa = PBXNativeTarget;
			buildConfigurationList = B40D10AA1E373ADC00AC9204 /* Build configuration list for PBXNativeTarget "ParsecTests" */;
			buildPhases = (
				B40D10981E373ADC00AC9204 /* Sources */,
				B40D10991E373ADC00AC9204 /* Frameworks */,
				B40D109A1E373ADC00AC9204 /* Resources */,
			);
			buildRules = (
			);
			dependencies = (
				B40D109F1E373ADC00AC9204 /* PBXTargetDependency */,
			);
			name = ParsecTests;
			productName = ParsecTests;
			productReference = B40D109C1E373ADC00AC9204 /* ParsecTests.xctest */;
			productType = "com.apple.product-type.bundle.unit-test";
		};
/* End PBXNativeTarget section */

/* Begin PBXProject section */
		B40D108A1E373ADC00AC9204 /* Project object */ = {
			isa = PBXProject;
			attributes = {
				LastSwiftUpdateCheck = 0800;
				LastUpgradeCheck = 0800;
				ORGANIZATIONNAME = lindkvist;
				TargetAttributes = {
					B40D10921E373ADC00AC9204 = {
						CreatedOnToolsVersion = 8.0;
						ProvisioningStyle = Automatic;
					};
					B40D109B1E373ADC00AC9204 = {
						CreatedOnToolsVersion = 8.0;
						ProvisioningStyle = Automatic;
					};
				};
			};
			buildConfigurationList = B40D108D1E373ADC00AC9204 /* Build configuration list for PBXProject "Parsec" */;
			compatibilityVersion = "Xcode 3.2";
			developmentRegion = English;
			hasScannedForEncodings = 0;
			knownRegions = (
				en,
			);
			mainGroup = B40D10891E373ADC00AC9204;
			productRefGroup = B40D10941E373ADC00AC9204 /* Products */;
			projectDirPath = "";
			projectRoot = "";
			targets = (
				B40D10921E373ADC00AC9204 /* Parsec */,
				B40D109B1E373ADC00AC9204 /* ParsecTests */,
			);
		};
/* End PBXProject section */

/* Begin PBXResourcesBuildPhase section */
		B40D10911E373ADC00AC9204 /* Resources */ = {
			isa = PBXResourcesBuildPhase;
			buildActionMask = 2147483647;
			files = (
			);
			runOnlyForDeploymentPostprocessing = 0;
		};
		B40D109A1E373ADC00AC9204 /* Resources */ = {
			isa = PBXResourcesBuildPhase;
			buildActionMask = 2147483647;
			files = (
			);
			runOnlyForDeploymentPostprocessing = 0;
		};
/* End PBXResourcesBuildPhase section */

/* Begin PBXSourcesBuildPhase section */
		B40D108E1E373ADC00AC9204 /* Sources */ = {
			isa = PBXSourcesBuildPhase;
			buildActionMask = 2147483647;
			files = (
			);
			runOnlyForDeploymentPostprocessing = 0;
		};
		B40D10981E373ADC00AC9204 /* Sources */ = {
			isa = PBXSourcesBuildPhase;
			buildActionMask = 2147483647;
			files = (
				B40D10A21E373ADC00AC9204 /* ParsecTests.swift in Sources */,
			);
			runOnlyForDeploymentPostprocessing = 0;
		};
/* End PBXSourcesBuildPhase section */

/* Begin PBXTargetDependency section */
		B40D109F1E373ADC00AC9204 /* PBXTargetDependency */ = {
			isa = PBXTargetDependency;
			target = B40D10921E373ADC00AC9204 /* Parsec */;
			targetProxy = B40D109E1E373ADC00AC9204 /* PBXContainerItemProxy */;
		};
/* End PBXTargetDependency section */

/* Begin XCBuildConfiguration section */
		B40D10A51E373ADC00AC9204 /* Debug */ = {
			isa = XCBuildConfiguration;
			buildSettings = {
				ALWAYS_SEARCH_USER_PATHS = NO;
				CLANG_ANALYZER_NONNULL = YES;
				CLANG_CXX_LANGUAGE_STANDARD = "gnu++0x";
				CLANG_CXX_LIBRARY = "libc++";
				CLANG_ENABLE_MODULES = YES;
				CLANG_ENABLE_OBJC_ARC = YES;
				CLANG_WARN_BOOL_CONVERSION = YES;
				CLANG_WARN_CONSTANT_CONVERSION = YES;
				CLANG_WARN_DIRECT_OBJC_ISA_USAGE = YES_ERROR;
				CLANG_WARN_DOCUMENTATION_COMMENTS = YES;
				CLANG_WARN_EMPTY_BODY = YES;
				CLANG_WARN_ENUM_CONVERSION = YES;
				CLANG_WARN_INFINITE_RECURSION = YES;
				CLANG_WARN_INT_CONVERSION = YES;
				CLANG_WARN_OBJC_ROOT_CLASS = YES_ERROR;
				CLANG_WARN_SUSPICIOUS_MOVES = YES;
				CLANG_WARN_UNREACHABLE_CODE = YES;
				CLANG_WARN__DUPLICATE_METHOD_MATCH = YES;
				CODE_SIGN_IDENTITY = "-";
				COPY_PHASE_STRIP = NO;
				CURRENT_PROJECT_VERSION = 1;
				DEBUG_INFORMATION_FORMAT = dwarf;
				ENABLE_STRICT_OBJC_MSGSEND = YES;
				ENABLE_TESTABILITY = YES;
				GCC_C_LANGUAGE_STANDARD = gnu99;
				GCC_DYNAMIC_NO_PIC = NO;
				GCC_NO_COMMON_BLOCKS = YES;
				GCC_OPTIMIZATION_LEVEL = 0;
				GCC_PREPROCESSOR_DEFINITIONS = (
					"DEBUG=1",
					"$(inherited)",
				);
				GCC_WARN_64_TO_32_BIT_CONVERSION = YES;
				GCC_WARN_ABOUT_RETURN_TYPE = YES_ERROR;
				GCC_WARN_UNDECLARED_SELECTOR = YES;
				GCC_WARN_UNINITIALIZED_AUTOS = YES_AGGRESSIVE;
				GCC_WARN_UNUSED_FUNCTION = YES;
				GCC_WARN_UNUSED_VARIABLE = YES;
				MACOSX_DEPLOYMENT_TARGET = 10.11;
				MTL_ENABLE_DEBUG_INFO = YES;
				ONLY_ACTIVE_ARCH = YES;
				SDKROOT = macosx;
				SWIFT_ACTIVE_COMPILATION_CONDITIONS = DEBUG;
				SWIFT_OPTIMIZATION_LEVEL = "-Onone";
				VERSIONING_SYSTEM = "apple-generic";
				VERSION_INFO_PREFIX = "";
			};
			name = Debug;
		};
		B40D10A61E373ADC00AC9204 /* Release */ = {
			isa = XCBuildConfiguration;
			buildSettings = {
				ALWAYS_SEARCH_USER_PATHS = NO;
				CLANG_ANALYZER_NONNULL = YES;
				CLANG_CXX_LANGUAGE_STANDARD = "gnu++0x";
				CLANG_CXX_LIBRARY = "libc++";
				CLANG_ENABLE_MODULES = YES;
				CLANG_ENABLE_OBJC_ARC = YES;
				CLANG_WARN_BOOL_CONVERSION = YES;
				CLANG_WARN_CONSTANT_CONVERSION = YES;
				CLANG_WARN_DIRECT_OBJC_ISA_USAGE = YES_ERROR;
				CLANG_WARN_DOCUMENTATION_COMMENTS = YES;
				CLANG_WARN_EMPTY_BODY = YES;
				CLANG_WARN_ENUM_CONVERSION = YES;
				CLANG_WARN_INFINITE_RECURSION = YES;
				CLANG_WARN_INT_CONVERSION = YES;
				CLANG_WARN_OBJC_ROOT_CLASS = YES_ERROR;
				CLANG_WARN_SUSPICIOUS_MOVES = YES;
				CLANG_WARN_UNREACHABLE_CODE = YES;
				CLANG_WARN__DUPLICATE_METHOD_MATCH = YES;
				CODE_SIGN_IDENTITY = "-";
				COPY_PHASE_STRIP = NO;
				CURRENT_PROJECT_VERSION = 1;
				DEBUG_INFORMATION_FORMAT = "dwarf-with-dsym";
				ENABLE_NS_ASSERTIONS = NO;
				ENABLE_STRICT_OBJC_MSGSEND = YES;
				GCC_C_LANGUAGE_STANDARD = gnu99;
				GCC_NO_COMMON_BLOCKS = YES;
				GCC_WARN_64_TO_32_BIT_CONVERSION = YES;
				GCC_WARN_ABOUT_RETURN_TYPE = YES_ERROR;
				GCC_WARN_UNDECLARED_SELECTOR = YES;
				GCC_WARN_UNINITIALIZED_AUTOS = YES_AGGRESSIVE;
				GCC_WARN_UNUSED_FUNCTION = YES;
				GCC_WARN_UNUSED_VARIABLE = YES;
				MACOSX_DEPLOYMENT_TARGET = 10.11;
				MTL_ENABLE_DEBUG_INFO = NO;
				SDKROOT = macosx;
				SWIFT_OPTIMIZATION_LEVEL = "-Owholemodule";
				VERSIONING_SYSTEM = "apple-generic";
				VERSION_INFO_PREFIX = "";
			};
			name = Release;
		};
		B40D10A81E373ADC00AC9204 /* Debug */ = {
			isa = XCBuildConfiguration;
			buildSettings = {
				CODE_SIGN_IDENTITY = "";
				COMBINE_HIDPI_IMAGES = YES;
				DEFINES_MODULE = YES;
				DYLIB_COMPATIBILITY_VERSION = 1;
				DYLIB_CURRENT_VERSION = 1;
				DYLIB_INSTALL_NAME_BASE = "@rpath";
				FRAMEWORK_VERSION = A;
				INFOPLIST_FILE = Parsec/Info.plist;
				INSTALL_PATH = "$(LOCAL_LIBRARY_DIR)/Frameworks";
				LD_RUNPATH_SEARCH_PATHS = "$(inherited) @executable_path/../Frameworks @loader_path/Frameworks";
				PRODUCT_BUNDLE_IDENTIFIER = com.lindkvist.Parsec;
				PRODUCT_NAME = "$(TARGET_NAME)";
				SKIP_INSTALL = YES;
				SWIFT_VERSION = 3.0;
			};
			name = Debug;
		};
		B40D10A91E373ADC00AC9204 /* Release */ = {
			isa = XCBuildConfiguration;
			buildSettings = {
				CODE_SIGN_IDENTITY = "";
				COMBINE_HIDPI_IMAGES = YES;
				DEFINES_MODULE = YES;
				DYLIB_COMPATIBILITY_VERSION = 1;
				DYLIB_CURRENT_VERSION = 1;
				DYLIB_INSTALL_NAME_BASE = "@rpath";
				FRAMEWORK_VERSION = A;
				INFOPLIST_FILE = Parsec/Info.plist;
				INSTALL_PATH = "$(LOCAL_LIBRARY_DIR)/Frameworks";
				LD_RUNPATH_SEARCH_PATHS = "$(inherited) @executable_path/../Frameworks @loader_path/Frameworks";
				PRODUCT_BUNDLE_IDENTIFIER = com.lindkvist.Parsec;
				PRODUCT_NAME = "$(TARGET_NAME)";
				SKIP_INSTALL = YES;
				SWIFT_VERSION = 3.0;
			};
			name = Release;
		};
		B40D10AB1E373ADC00AC9204 /* Debug */ = {
			isa = XCBuildConfiguration;
			buildSettings = {
				COMBINE_HIDPI_IMAGES = YES;
				INFOPLIST_FILE = ParsecTests/Info.plist;
				LD_RUNPATH_SEARCH_PATHS = "$(inherited) @executable_path/../Frameworks @loader_path/../Frameworks";
				PRODUCT_BUNDLE_IDENTIFIER = com.lindkvist.ParsecTests;
				PRODUCT_NAME = "$(TARGET_NAME)";
				SWIFT_VERSION = 3.0;
			};
			name = Debug;
		};
		B40D10AC1E373ADC00AC9204 /* Release */ = {
			isa = XCBuildConfiguration;
			buildSettings = {
				COMBINE_HIDPI_IMAGES = YES;
				INFOPLIST_FILE = ParsecTests/Info.plist;
				LD_RUNPATH_SEARCH_PATHS = "$(inherited) @executable_path/../Frameworks @loader_path/../Frameworks";
				PRODUCT_BUNDLE_IDENTIFIER = com.lindkvist.ParsecTests;
				PRODUCT_NAME = "$(TARGET_NAME)";
				SWIFT_VERSION = 3.0;
			};
			name = Release;
		};
/* End XCBuildConfiguration section */

/* Begin XCConfigurationList section */
		B40D108D1E373ADC00AC9204 /* Build configuration list for PBXProject "Parsec" */ = {
			isa = XCConfigurationList;
			buildConfigurations = (
				B40D10A51E373ADC00AC9204 /* Debug */,
				B40D10A61E373ADC00AC9204 /* Release */,
			);
			defaultConfigurationIsVisible = 0;
			defaultConfigurationName = Release;
		};
		B40D10A71E373ADC00AC9204 /* Build configuration list for PBXNativeTarget "Parsec" */ = {
			isa = XCConfigurationList;
			buildConfigurations = (
				B40D10A81E373ADC00AC9204 /* Debug */,
				B40D10A91E373ADC00AC9204 /* Release */,
			);
			defaultConfigurationIsVisible = 0;
		};
		B40D10AA1E373ADC00AC9204 /* Build configuration list for PBXNativeTarget "ParsecTests" */ = {
			isa = XCConfigurationList;
			buildConfigurations = (
				B40D10AB1E373ADC00AC9204 /* Debug */,
				B40D10AC1E373ADC00AC9204 /* Release */,
			);
			defaultConfigurationIsVisible = 0;
		};
/* End XCConfigurationList section */
	};
	rootObject = B40D108A1E373ADC00AC9204 /* Project object */;
}
